// !$*UTF8*$!
{
	archiveVersion = 1;
	classes = {
	};
	objectVersion = 46;
	objects = {

/* Begin PBXBuildFile section */
		DA5A81371E13AF1D00676BC4 /* AppDelegate.swift in Sources */ = {isa = PBXBuildFile; fileRef = DA5A81361E13AF1D00676BC4 /* AppDelegate.swift */; };
		DA5A81391E13AF1D00676BC4 /* ViewController.swift in Sources */ = {isa = PBXBuildFile; fileRef = DA5A81381E13AF1D00676BC4 /* ViewController.swift */; };
		DA5A813C1E13AF1D00676BC4 /* Main.storyboard in Resources */ = {isa = PBXBuildFile; fileRef = DA5A813A1E13AF1D00676BC4 /* Main.storyboard */; };
		DA5A813E1E13AF1D00676BC4 /* Assets.xcassets in Resources */ = {isa = PBXBuildFile; fileRef = DA5A813D1E13AF1D00676BC4 /* Assets.xcassets */; };
		DA5A81411E13AF1D00676BC4 /* LaunchScreen.storyboard in Resources */ = {isa = PBXBuildFile; fileRef = DA5A813F1E13AF1D00676BC4 /* LaunchScreen.storyboard */; };
/* End PBXBuildFile section */

/* Begin PBXFileReference section */
		DA5A81331E13AF1D00676BC4 /* EnumAndStruct.app */ = {isa = PBXFileReference; explicitFileType = wrapper.application; includeInIndex = 0; path = EnumAndStruct.app; sourceTree = BUILT_PRODUCTS_DIR; };
		DA5A81361E13AF1D00676BC4 /* AppDelegate.swift */ = {isa = PBXFileReference; lastKnownFileType = sourcecode.swift; path = AppDelegate.swift; sourceTree = "<group>"; };
		DA5A81381E13AF1D00676BC4 /* ViewController.swift */ = {isa = PBXFileReference; lastKnownFileType = sourcecode.swift; path = ViewController.swift; sourceTree = "<group>"; };
		DA5A813B1E13AF1D00676BC4 /* Base */ = {isa = PBXFileReference; lastKnownFileType = file.storyboard; name = Base; path = Base.lproj/Main.storyboard; sourceTree = "<group>"; };
		DA5A813D1E13AF1D00676BC4 /* Assets.xcassets */ = {isa = PBXFileReference; lastKnownFileType = folder.assetcatalog; path = Assets.xcassets; sourceTree = "<group>"; };
		DA5A81401E13AF1D00676BC4 /* Base */ = {isa = PBXFileReference; lastKnownFileType = file.storyboard; name = Base; path = Base.lproj/LaunchScreen.storyboard; sourceTree = "<group>"; };
		DA5A81421E13AF1D00676BC4 /* Info.plist */ = {isa = PBXFileReference; lastKnownFileType = text.plist.xml; path = Info.plist; sourceTree = "<group>"; };
/* End PBXFileReference section */

/* Begin PBXFrameworksBuildPhase section */
		DA5A81301E13AF1D00676BC4 /* Frameworks */ = {
			isa = PBXFrameworksBuildPhase;
			buildActionMask = 2147483647;
			files = (
			);
			runOnlyForDeploymentPostprocessing = 0;
		};
/* End PBXFrameworksBuildPhase section */

/* Begin PBXGroup section */
		DA5A812A1E13AF1D00676BC4 = {
			isa = PBXGroup;
			children = (
				DA5A81351E13AF1D00676BC4 /* EnumAndStruct */,
				DA5A81341E13AF1D00676BC4 /* Products */,
			);
			sourceTree = "<group>";
		};
		DA5A81341E13AF1D00676BC4 /* Products */ = {
			isa = PBXGroup;
			children = (
				DA5A81331E13AF1D00676BC4 /* EnumAndStruct.app */,
			);
			name = Products;
			sourceTree = "<group>";
		};
		DA5A81351E13AF1D00676BC4 /* EnumAndStruct */ = {
			isa = PBXGroup;
			children = (
				DA5A81361E13AF1D00676BC4 /* AppDelegate.swift */,
				DA5A81381E13AF1D00676BC4 /* ViewController.swift */,
				DA5A813A1E13AF1D00676BC4 /* Main.storyboard */,
				DA5A813D1E13AF1D00676BC4 /* Assets.xcassets */,
				DA5A813F1E13AF1D00676BC4 /* LaunchScreen.storyboard */,
				DA5A81421E13AF1D00676BC4 /* Info.plist */,
			);
			path = EnumAndStruct;
			sourceTree = "<group>";
		};
/* End PBXGroup section */

/* Begin PBXNativeTarget section */
		DA5A81321E13AF1D00676BC4 /* EnumAndStruct */ = {
			isa = PBXNativeTarget;
			buildConfigurationList = DA5A81451E13AF1E00676BC4 /* Build configuration list for PBXNativeTarget "EnumAndStruct" */;
			buildPhases = (
				DA5A812F1E13AF1D00676BC4 /* Sources */,
				DA5A81301E13AF1D00676BC4 /* Frameworks */,
				DA5A81311E13AF1D00676BC4 /* Resources */,
			);
			buildRules = (
			);
			dependencies = (
			);
			name = EnumAndStruct;
			productName = EnumAndStruct;
			productReference = DA5A81331E13AF1D00676BC4 /* EnumAndStruct.app */;
			productType = "com.apple.product-type.application";
		};
/* End PBXNativeTarget section */

/* Begin PBXProject section */
		DA5A812B1E13AF1D00676BC4 /* Project object */ = {
			isa = PBXProject;
			attributes = {
				LastSwiftUpdateCheck = 0820;
				LastUpgradeCheck = 0820;
				ORGANIZATIONNAME = Zhilink;
				TargetAttributes = {
					DA5A81321E13AF1D00676BC4 = {
						CreatedOnToolsVersion = 8.2.1;
						DevelopmentTeam = HL79G5442Y;
						ProvisioningStyle = Automatic;
					};
				};
			};
			buildConfigurationList = DA5A812E1E13AF1D00676BC4 /* Build configuration list for PBXProject "EnumAndStruct" */;
			compatibilityVersion = "Xcode 3.2";
			developmentRegion = English;
			hasScannedForEncodings = 0;
			knownRegions = (
				en,
				Base,
			);
			mainGroup = DA5A812A1E13AF1D00676BC4;
			productRefGroup = DA5A81341E13AF1D00676BC4 /* Products */;
			projectDirPath = "";
			projectRoot = "";
			targets = (
				DA5A81321E13AF1D00676BC4 /* EnumAndStruct */,
			);
		};
/* End PBXProject section */

/* Begin PBXResourcesBuildPhase section */
		DA5A81311E13AF1D00676BC4 /* Resources */ = {
			isa = PBXResourcesBuildPhase;
			buildActionMask = 2147483647;
			files = (
				DA5A81411E13AF1D00676BC4 /* LaunchScreen.storyboard in Resources */,
				DA5A813E1E13AF1D00676BC4 /* Assets.xcassets in Resources */,
				DA5A813C1E13AF1D00676BC4 /* Main.storyboard in Resources */,
			);
			runOnlyForDeploymentPostprocessing = 0;
		};
/* End PBXResourcesBuildPhase section */

/* Begin PBXSourcesBuildPhase section */
		DA5A812F1E13AF1D00676BC4 /* Sources */ = {
			isa = PBXSourcesBuildPhase;
			buildActionMask = 2147483647;
			files = (
				DA5A81391E13AF1D00676BC4 /* ViewController.swift in Sources */,
				DA5A81371E13AF1D00676BC4 /* AppDelegate.swift in Sources */,
			);
			runOnlyForDeploymentPostprocessing = 0;
		};
/* End PBXSourcesBuildPhase section */

/* Begin PBXVariantGroup section */
		DA5A813A1E13AF1D00676BC4 /* Main.storyboard */ = {
			isa = PBXVariantGroup;
			children = (
				DA5A813B1E13AF1D00676BC4 /* Base */,
			);
			name = Main.storyboard;
			sourceTree = "<group>";
		};
		DA5A813F1E13AF1D00676BC4 /* LaunchScreen.storyboard */ = {
			isa = PBXVariantGroup;
			children = (
				DA5A81401E13AF1D00676BC4 /* Base */,
			);
			name = LaunchScreen.storyboard;
			sourceTree = "<group>";
		};
/* End PBXVariantGroup section */

/* Begin XCBuildConfiguration section */
		DA5A81431E13AF1E00676BC4 /* Debug */ = {
			isa = XCBuildConfiguration;
			buildSettings = {
				ALWAYS_SEARCH_USER_PATHS = NO;
				CLANG_ANALYZER_NONNULL = YES;
				CLANG_CXX_LANGUAGE_STANDARD = "gnu++0x";
				CLANG_CXX_LIBRARY = "libc++";
				CLANG_ENABLE_MODULES = YES;
				CLANG_ENABLE_OBJC_ARC = YES;
				CLANG_WARN_BOOL_CONVERSION = YES;
				CLANG_WARN_CONSTANT_CONVERSION = YES;
				CLANG_WARN_DIRECT_OBJC_ISA_USAGE = YES_ERROR;
				CLANG_WARN_DOCUMENTATION_COMMENTS = YES;
				CLANG_WARN_EMPTY_BODY = YES;
				CLANG_WARN_ENUM_CONVERSION = YES;
				CLANG_WARN_INFINITE_RECURSION = YES;
				CLANG_WARN_INT_CONVERSION = YES;
				CLANG_WARN_OBJC_ROOT_CLASS = YES_ERROR;
				CLANG_WARN_SUSPICIOUS_MOVE = YES;
				CLANG_WARN_UNREACHABLE_CODE = YES;
				CLANG_WARN__DUPLICATE_METHOD_MATCH = YES;
				"CODE_SIGN_IDENTITY[sdk=iphoneos*]" = "iPhone Developer";
				COPY_PHASE_STRIP = NO;
				DEBUG_INFORMATION_FORMAT = dwarf;
				ENABLE_STRICT_OBJC_MSGSEND = YES;
				ENABLE_TESTABILITY = YES;
				GCC_C_LANGUAGE_STANDARD = gnu99;
				GCC_DYNAMIC_NO_PIC = NO;
				GCC_NO_COMMON_BLOCKS = YES;
				GCC_OPTIMIZATION_LEVEL = 0;
				GCC_PREPROCESSOR_DEFINITIONS = (
					"DEBUG=1",
					"$(inherited)",
				);
				GCC_WARN_64_TO_32_BIT_CONVERSION = YES;
				GCC_WARN_ABOUT_RETURN_TYPE = YES_ERROR;
				GCC_WARN_UNDECLARED_SELECTOR = YES;
				GCC_WARN_UNINITIALIZED_AUTOS = YES_AGGRESSIVE;
				GCC_WARN_UNUSED_FUNCTION = YES;
				GCC_WARN_UNUSED_VARIABLE = YES;
				IPHONEOS_DEPLOYMENT_TARGET = 10.2;
				MTL_ENABLE_DEBUG_INFO = YES;
				ONLY_ACTIVE_ARCH = YES;
				SDKROOT = iphoneos;
				SWIFT_ACTIVE_COMPILATION_CONDITIONS = DEBUG;
				SWIFT_OPTIMIZATION_LEVEL = "-Onone";
				TARGETED_DEVICE_FAMILY = "1,2";
			};
			name = Debug;
		};
		DA5A81441E13AF1E00676BC4 /* Release */ = {
			isa = XCBuildConfiguration;
			buildSettings = {
				ALWAYS_SEARCH_USER_PATHS = NO;
				CLANG_ANALYZER_NONNULL = YES;
				CLANG_CXX_LANGUAGE_STANDARD = "gnu++0x";
				CLANG_CXX_LIBRARY = "libc++";
				CLANG_ENABLE_MODULES = YES;
				CLANG_ENABLE_OBJC_ARC = YES;
				CLANG_WARN_BOOL_CONVERSION = YES;
				CLANG_WARN_CONSTANT_CONVERSION = YES;
				CLANG_WARN_DIRECT_OBJC_ISA_USAGE = YES_ERROR;
				CLANG_WARN_DOCUMENTATION_COMMENTS = YES;
				CLANG_WARN_EMPTY_BODY = YES;
				CLANG_WARN_ENUM_CONVERSION = YES;
				CLANG_WARN_INFINITE_RECURSION = YES;
				CLANG_WARN_INT_CONVERSION = YES;
				CLANG_WARN_OBJC_ROOT_CLASS = YES_ERROR;
				CLANG_WARN_SUSPICIOUS_MOVE = YES;
				CLANG_WARN_UNREACHABLE_CODE = YES;
				CLANG_WARN__DUPLICATE_METHOD_MATCH = YES;
				"CODE_SIGN_IDENTITY[sdk=iphoneos*]" = "iPhone Developer";
				COPY_PHASE_STRIP = NO;
				DEBUG_INFORMATION_FORMAT = "dwarf-with-dsym";
				ENABLE_NS_ASSERTIONS = NO;
				ENABLE_STRICT_OBJC_MSGSEND = YES;
				GCC_C_LANGUAGE_STANDARD = gnu99;
				GCC_NO_COMMON_BLOCKS = YES;
				GCC_WARN_64_TO_32_BIT_CONVERSION = YES;
				GCC_WARN_ABOUT_RETURN_TYPE = YES_ERROR;
				GCC_WARN_UNDECLARED_SELECTOR = YES;
				GCC_WARN_UNINITIALIZED_AUTOS = YES_AGGRESSIVE;
				GCC_WARN_UNUSED_FUNCTION = YES;
				GCC_WARN_UNUSED_VARIABLE = YES;
				IPHONEOS_DEPLOYMENT_TARGET = 10.2;
				MTL_ENABLE_DEBUG_INFO = NO;
				SDKROOT = iphoneos;
				SWIFT_OPTIMIZATION_LEVEL = "-Owholemodule";
				TARGETED_DEVICE_FAMILY = "1,2";
				VALIDATE_PRODUCT = YES;
			};
			name = Release;
		};
		DA5A81461E13AF1E00676BC4 /* Debug */ = {
			isa = XCBuildConfiguration;
			buildSettings = {
				ASSETCATALOG_COMPILER_APPICON_NAME = AppIcon;
				DEVELOPMENT_TEAM = HL79G5442Y;
				INFOPLIST_FILE = EnumAndStruct/Info.plist;
				LD_RUNPATH_SEARCH_PATHS = "$(inherited) @executable_path/Frameworks";
				PRODUCT_BUNDLE_IDENTIFIER = test.EnumAndStruct;
				PRODUCT_NAME = "$(TARGET_NAME)";
				SWIFT_VERSION = 3.0;
			};
			name = Debug;
		};
		DA5A81471E13AF1E00676BC4 /* Release */ = {
			isa = XCBuildConfiguration;
			buildSettings = {
				ASSETCATALOG_COMPILER_APPICON_NAME = AppIcon;
				DEVELOPMENT_TEAM = HL79G5442Y;
				INFOPLIST_FILE = EnumAndStruct/Info.plist;
				LD_RUNPATH_SEARCH_PATHS = "$(inherited) @executable_path/Frameworks";
				PRODUCT_BUNDLE_IDENTIFIER = test.EnumAndStruct;
				PRODUCT_NAME = "$(TARGET_NAME)";
				SWIFT_VERSION = 3.0;
			};
			name = Release;
		};
/* End XCBuildConfiguration section */

/* Begin XCConfigurationList section */
		DA5A812E1E13AF1D00676BC4 /* Build configuration list for PBXProject "EnumAndStruct" */ = {
			isa = XCConfigurationList;
			buildConfigurations = (
				DA5A81431E13AF1E00676BC4 /* Debug */,
				DA5A81441E13AF1E00676BC4 /* Release */,
			);
			defaultConfigurationIsVisible = 0;
			defaultConfigurationName = Release;
		};
		DA5A81451E13AF1E00676BC4 /* Build configuration list for PBXNativeTarget "EnumAndStruct" */ = {
			isa = XCConfigurationList;
			buildConfigurations = (
				DA5A81461E13AF1E00676BC4 /* Debug */,
				DA5A81471E13AF1E00676BC4 /* Release */,
			);
			defaultConfigurationIsVisible = 0;
		};
/* End XCConfigurationList section */
	};
	rootObject = DA5A812B1E13AF1D00676BC4 /* Project object */;
}
